<?xml version="1.0" encoding="utf-8"?>
<Project ToolsVersion="4.0" xmlns="http://schemas.microsoft.com/developer/msbuild/2003">
  <ItemGroup>
    <Filter Include="リソース ファイル">
      <UniqueIdentifier>{67DA6AB6-F800-4c08-8B7A-83BB121AAD01}</UniqueIdentifier>
      <Extensions>rc;ico;cur;bmp;dlg;rc2;rct;bin;rgs;gif;jpg;jpeg;jpe;resx;tiff;tif;png;wav;mfcribbon-ms</Extensions>
    </Filter>
    <Filter Include="01Engine">
      <UniqueIdentifier>{e5fccdcb-f299-4448-bdb6-01fa28039576}</UniqueIdentifier>
    </Filter>
    <Filter Include="01Engine\GameObject">
      <UniqueIdentifier>{b450e438-c939-4b05-b319-0e3c0b4a335c}</UniqueIdentifier>
    </Filter>
    <Filter Include="01Engine\ResourceManager">
      <UniqueIdentifier>{bedee914-5063-4c08-95bb-79c861b4969c}</UniqueIdentifier>
    </Filter>
    <Filter Include="Scene">
      <UniqueIdentifier>{ba81e6c6-eb0d-4114-9c06-385b5e33b01f}</UniqueIdentifier>
    </Filter>
    <Filter Include="Player">
      <UniqueIdentifier>{98d8ba99-c552-485e-9088-5954831eda15}</UniqueIdentifier>
    </Filter>
    <Filter Include="Enemy">
      <UniqueIdentifier>{de59983b-fbe3-43fa-a1dc-621a71f71a89}</UniqueIdentifier>
    </Filter>
    <Filter Include="Stage">
      <UniqueIdentifier>{2dac9ff5-555d-4c63-97c9-3aa369f724eb}</UniqueIdentifier>
    </Filter>
  </ItemGroup>
  <ItemGroup>
    <ClCompile Include="Engine\GameObject.cpp">
      <Filter>01Engine\GameObject</Filter>
    </ClCompile>
    <ClCompile Include="Engine\RootObject.cpp">
      <Filter>01Engine\GameObject</Filter>
    </ClCompile>
    <ClCompile Include="Engine\CsvReader.cpp">
      <Filter>01Engine\ResourceManager</Filter>
    </ClCompile>
    <ClCompile Include="Engine\Main.cpp">
      <Filter>01Engine</Filter>
    </ClCompile>
    <ClCompile Include="Engine\SceneManager.cpp">
      <Filter>01Engine</Filter>
    </ClCompile>
    <ClCompile Include="Engine\Transform.cpp">
      <Filter>01Engine\GameObject</Filter>
    </ClCompile>
    <ClCompile Include="TestScene.cpp">
      <Filter>Scene</Filter>
    </ClCompile>
    <ClCompile Include="TitleScene.cpp">
      <Filter>Scene</Filter>
    </ClCompile>
    <ClCompile Include="GameOverScene.cpp">
      <Filter>Scene</Filter>
    </ClCompile>
    <ClCompile Include="GameClear.cpp">
      <Filter>Scene</Filter>
    </ClCompile>
    <ClCompile Include="Player.cpp">
      <Filter>Player</Filter>
    </ClCompile>
    <ClCompile Include="Stone.cpp">
      <Filter>Player</Filter>
    </ClCompile>
    <ClCompile Include="Enemy1.cpp">
      <Filter>Enemy</Filter>
    </ClCompile>
    <ClCompile Include="Enemy2.cpp">
      <Filter>Enemy</Filter>
    </ClCompile>
    <ClCompile Include="Banner.cpp">
      <Filter>Stage</Filter>
    </ClCompile>
    <ClCompile Include="Field.cpp">
      <Filter>Stage</Filter>
    </ClCompile>
    <ClCompile Include="Gool.cpp">
      <Filter>Stage</Filter>
    </ClCompile>
    <ClCompile Include="KanBan1.cpp">
      <Filter>Stage</Filter>
    </ClCompile>
    <ClCompile Include="Lever.cpp">
      <Filter>Stage</Filter>
    </ClCompile>
    <ClCompile Include="SpeedStone.cpp">
      <Filter>Player</Filter>
    </ClCompile>
    <ClCompile Include="LeverBrock.cpp">
      <Filter>Stage</Filter>
    </ClCompile>
    <ClCompile Include="LeverMaster.cpp">
      <Filter>Stage</Filter>
    </ClCompile>
    <ClCompile Include="Middle.cpp">
      <Filter>Stage</Filter>
    </ClCompile>
  </ItemGroup>
  <ItemGroup>
    <ClInclude Include="Engine\GameObject.h">
      <Filter>01Engine\GameObject</Filter>
    </ClInclude>
    <ClInclude Include="Engine\RootObject.h">
      <Filter>01Engine\GameObject</Filter>
    </ClInclude>
    <ClInclude Include="Engine\CsvReader.h">
      <Filter>01Engine\ResourceManager</Filter>
    </ClInclude>
    <ClInclude Include="Engine\Global.h">
      <Filter>01Engine</Filter>
    </ClInclude>
    <ClInclude Include="Engine\SceneManager.h">
      <Filter>01Engine</Filter>
    </ClInclude>
    <ClInclude Include="Engine\Transform.h">
      <Filter>01Engine\GameObject</Filter>
    </ClInclude>
    <ClInclude Include="TestScene.h">
      <Filter>Scene</Filter>
    </ClInclude>
    <ClInclude Include="TitleScene.h">
      <Filter>Scene</Filter>
    </ClInclude>
    <ClInclude Include="GameOverScene.h">
      <Filter>Scene</Filter>
    </ClInclude>
    <ClInclude Include="GameClear.h">
      <Filter>Scene</Filter>
    </ClInclude>
    <ClInclude Include="Player.h">
      <Filter>Player</Filter>
    </ClInclude>
    <ClInclude Include="Stone.h">
      <Filter>Player</Filter>
    </ClInclude>
    <ClInclude Include="Enemy1.h">
      <Filter>Enemy</Filter>
    </ClInclude>
    <ClInclude Include="Enemy2.h">
      <Filter>Enemy</Filter>
    </ClInclude>
    <ClInclude Include="Camera.h">
      <Filter>Stage</Filter>
    </ClInclude>
    <ClInclude Include="Banner.h">
      <Filter>Stage</Filter>
    </ClInclude>
    <ClInclude Include="Ease.h">
      <Filter>Stage</Filter>
    </ClInclude>
    <ClInclude Include="Field.h">
      <Filter>Stage</Filter>
    </ClInclude>
    <ClInclude Include="Gool.h">
      <Filter>Stage</Filter>
    </ClInclude>
    <ClInclude Include="KanBan1.h">
      <Filter>Stage</Filter>
    </ClInclude>
    <ClInclude Include="Lever.h">
      <Filter>Stage</Filter>
    </ClInclude>
    <ClInclude Include="SpeedStone.h">
      <Filter>Player</Filter>
    </ClInclude>
    <ClInclude Include="LeverBrock.h">
      <Filter>Stage</Filter>
    </ClInclude>
    <ClInclude Include="LeverMaster.h">
      <Filter>Stage</Filter>
    </ClInclude>
    <ClInclude Include="Middle.h">
      <Filter>Stage</Filter>
    </ClInclude>
  </ItemGroup>
</Project>